
Microsoft Visual Studio Solution File, Format Version 12.00
# Visual Studio 15
VisualStudioVersion = 15.0.28010.2016
MinimumVisualStudioVersion = 10.0.40219.1
Project("{FAE04EC0-301F-11D3-BF4B-00C04F79EFBC}") = "HolaUADEO", "HolaUADEO\HolaUADEO.csproj", "{3A34716A-C86C-4751-B91C-56CE42B07830}"
EndProject
Project("{FAE04EC0-301F-11D3-BF4B-00C04F79EFBC}") = "CoreEscuela", "CoreEscuela\CoreEscuela.csproj", "{C27D3787-66BA-42FB-88F1-AACC41125C0A}"
EndProject
Global
	GlobalSection(SolutionConfigurationPlatforms) = preSolution
		Debug|Any CPU = Debug|Any CPU
		Release|Any CPU = Release|Any CPU
	EndGlobalSection
	GlobalSection(ProjectConfigurationPlatforms) = postSolution
		{3A34716A-C86C-4751-B91C-56CE42B07830}.Debug|Any CPU.ActiveCfg = Debug|Any CPU
		{3A34716A-C86C-4751-B91C-56CE42B07830}.Debug|Any CPU.Build.0 = Debug|Any CPU
		{3A34716A-C86C-4751-B91C-56CE42B07830}.Release|Any CPU.ActiveCfg = Release|Any CPU
		{3A34716A-C86C-4751-B91C-56CE42B07830}.Release|Any CPU.Build.0 = Release|Any CPU
		{C27D3787-66BA-42FB-88F1-AACC41125C0A}.Debug|Any CPU.ActiveCfg = Debug|Any CPU
		{C27D3787-66BA-42FB-88F1-AACC41125C0A}.Debug|Any CPU.Build.0 = Debug|Any CPU
		{C27D3787-66BA-42FB-88F1-AACC41125C0A}.Release|Any CPU.ActiveCfg = Release|Any CPU
		{C27D3787-66BA-42FB-88F1-AACC41125C0A}.Release|Any CPU.Build.0 = Release|Any CPU
	EndGlobalSection
	GlobalSection(SolutionProperties) = preSolution
		HideSolutionNode = FALSE
	EndGlobalSection
	GlobalSection(ExtensibilityGlobals) = postSolution
		SolutionGuid = {E3117C02-B24A-4873-B6D7-27CEC6659BBA}
	EndGlobalSection
EndGlobal
